
Microsoft Visual Studio Solution File, Format Version 12.00
# Visual Studio Version 17
VisualStudioVersion = 17.8.34330.188
MinimumVisualStudioVersion = 10.0.40219.1
Project("{FAE04EC0-301F-11D3-BF4B-00C04F79EFBC}") = "tutorialShootingGallery", "tutorialShootingGallery.csproj", "{0934E1B0-C9B5-44BA-AB1D-3D0641862032}"
EndProject
Global
	GlobalSection(SolutionConfigurationPlatforms) = preSolution
		Debug|Any CPU = Debug|Any CPU
		Release|Any CPU = Release|Any CPU
	EndGlobalSection
	GlobalSection(ProjectConfigurationPlatforms) = postSolution
		{0934E1B0-C9B5-44BA-AB1D-3D0641862032}.Debug|Any CPU.ActiveCfg = Debug|Any CPU
		{0934E1B0-C9B5-44BA-AB1D-3D0641862032}.Debug|Any CPU.Build.0 = Debug|Any CPU
		{0934E1B0-C9B5-44BA-AB1D-3D0641862032}.Release|Any CPU.ActiveCfg = Release|Any CPU
		{0934E1B0-C9B5-44BA-AB1D-3D0641862032}.Release|Any CPU.Build.0 = Release|Any CPU
	EndGlobalSection
	GlobalSection(SolutionProperties) = preSolution
		HideSolutionNode = FALSE
	EndGlobalSection
	GlobalSection(ExtensibilityGlobals) = postSolution
		SolutionGuid = {19404F05-D048-47EF-9E51-E0B03D0EAAE8}
	EndGlobalSection
EndGlobal
